// !$*UTF8*$!
{
	archiveVersion = 1;
	classes = {
	};
	objectVersion = 77;
	objects = {

/* Begin PBXBuildFile section */
		03C728644F1ACC65C2B8068A /* DependencyChecker.swift in Sources */ = {isa = PBXBuildFile; fileRef = 158B36730002DBFA28390AA8 /* DependencyChecker.swift */; };
		133CB67607B87743179F6AD8 /* SettingsStore.swift in Sources */ = {isa = PBXBuildFile; fileRef = 38560CE8C952959F45A95925 /* SettingsStore.swift */; };
		23055976EA6F3D0C42EE6368 /* LogStore.swift in Sources */ = {isa = PBXBuildFile; fileRef = 299DA9CC281CCDA472BB6DCF /* LogStore.swift */; };
		23CB25F3A9FA433661BC5CC6 /* SubtitlesTabView.swift in Sources */ = {isa = PBXBuildFile; fileRef = E652A824F0EC8D9CF8EC9F92 /* SubtitlesTabView.swift */; };
		25DCAE7CCFD04AE1D6743C41 /* PostProcessingTabView.swift in Sources */ = {isa = PBXBuildFile; fileRef = BCA8762CB88F16E5BA809B79 /* PostProcessingTabView.swift */; };
		3F84613E0C6FD392E0C12809 /* SubtitleTrack.swift in Sources */ = {isa = PBXBuildFile; fileRef = E635F21207D3C494C6FD5825 /* SubtitleTrack.swift */; };
		4835D12EFF457498CD064D7B /* AppState.swift in Sources */ = {isa = PBXBuildFile; fileRef = 8C3A90B4AF4D0B72315C5443 /* AppState.swift */; };
		517B041B320068405B914035 /* PresetManager.swift in Sources */ = {isa = PBXBuildFile; fileRef = 917A14A2E71B361DA7E0807B /* PresetManager.swift */; };
		547D6EB4F6DE061071A37EBE /* NetworkTabView.swift in Sources */ = {isa = PBXBuildFile; fileRef = B2495B93A83007C51F85E67F /* NetworkTabView.swift */; };
		585AD3D18C51A054899417B2 /* YTDLPService.swift in Sources */ = {isa = PBXBuildFile; fileRef = 4B4C98E77F97E513AF2CDAAE /* YTDLPService.swift */; };
		58BA4B15DA96A2BC593A79D9 /* QueueManager.swift in Sources */ = {isa = PBXBuildFile; fileRef = 80056A3E5DA3F51AB361DBE3 /* QueueManager.swift */; };
		6A04492DFAA40E686553956E /* ProgressUpdate.swift in Sources */ = {isa = PBXBuildFile; fileRef = 44E496EFFFF8D81C926FAB69 /* ProgressUpdate.swift */; };
		6A45BF036DA78D8DC2D619EF /* ProcessRunner.swift in Sources */ = {isa = PBXBuildFile; fileRef = FB3C042DB31B5821F56AEAFE /* ProcessRunner.swift */; };
		6B5EA848DE62CF9A4DC68541 /* ContentView.swift in Sources */ = {isa = PBXBuildFile; fileRef = 03FF943DE0B4B9D09207753D /* ContentView.swift */; };
		6EC9DBAD79239C779093DC8D /* VideoInfo.swift in Sources */ = {isa = PBXBuildFile; fileRef = D3ED10D8F5EB66153ED5B1CA /* VideoInfo.swift */; };
		75C56EF7C7DFDEB5236624BE /* CLIPreviewView.swift in Sources */ = {isa = PBXBuildFile; fileRef = 1BA9948666E808CBBD2493BC /* CLIPreviewView.swift */; };
		7A43D38A01B8FD22117EEE09 /* ThumbnailInfo.swift in Sources */ = {isa = PBXBuildFile; fileRef = 30BBD12F4DB05BE3017F4D18 /* ThumbnailInfo.swift */; };
		7C9E95DFFE7E9976D497CA58 /* FilesystemTabView.swift in Sources */ = {isa = PBXBuildFile; fileRef = FE2C2CAB53FA47809074164B /* FilesystemTabView.swift */; };
		7F92113E8DAF6709C5B179BB /* Preset.swift in Sources */ = {isa = PBXBuildFile; fileRef = 0B1F92B03509CB33993FB38B /* Preset.swift */; };
		884CC0951CFA724CACA16D79 /* QueueItemRow.swift in Sources */ = {isa = PBXBuildFile; fileRef = 5369D6BF866FA6A288AA2EDF /* QueueItemRow.swift */; };
		8D0F5D78695AE0F32BE1EC38 /* Y_DownloaderApp.swift in Sources */ = {isa = PBXBuildFile; fileRef = 07075D8684DFD9F12D3A5124 /* Y_DownloaderApp.swift */; };
		9E01CA072356E03AC19C7D25 /* ClipboardMonitor.swift in Sources */ = {isa = PBXBuildFile; fileRef = 21A2E3011EE92DAB4D464442 /* ClipboardMonitor.swift */; };
		9EBCFE2EAF8E0474FDF0DCFA /* SettingsView.swift in Sources */ = {isa = PBXBuildFile; fileRef = 3C0A775FA5A8A42290FF4B4D /* SettingsView.swift */; };
		B1A67459B0B94FF1FFC8F8C4 /* MenuBarView.swift in Sources */ = {isa = PBXBuildFile; fileRef = 073BD15DC5C1F24F0ABAC7A9 /* MenuBarView.swift */; };
		BF500A7A7561FF6F07DBCD6F /* LogConsoleView.swift in Sources */ = {isa = PBXBuildFile; fileRef = 30A99E962BEB48D28987EC45 /* LogConsoleView.swift */; };
		C3141FC57B820DE4368A8108 /* DownloadOptions.swift in Sources */ = {isa = PBXBuildFile; fileRef = 0768EE0DB8D80C300D71294A /* DownloadOptions.swift */; };
		CB40FF7B621D200F61B95CDD /* DownloadItem.swift in Sources */ = {isa = PBXBuildFile; fileRef = 8CD5BF81CBCFD2E400B3EDCA /* DownloadItem.swift */; };
		CBD7E3FA12AB36B1B453D1F4 /* FormatTabView.swift in Sources */ = {isa = PBXBuildFile; fileRef = C1B087247EEDAAF8C6367F28 /* FormatTabView.swift */; };
		CE0AF49B1FF4FCBFF958B173 /* FormatAnalyzerSheet.swift in Sources */ = {isa = PBXBuildFile; fileRef = 22D478775530C97A33072BB0 /* FormatAnalyzerSheet.swift */; };
		CF267C937C2FDF7970B06FAB /* AdvancedTabView.swift in Sources */ = {isa = PBXBuildFile; fileRef = FCA17D0265B2C9A6CCDA0AC4 /* AdvancedTabView.swift */; };
		D3F1CB8D8537CB5C9AA0F9E5 /* SidebarView.swift in Sources */ = {isa = PBXBuildFile; fileRef = 474BC7FBA177577C4C017032 /* SidebarView.swift */; };
		DF5853D2236434636B6AB9E4 /* CommandBuilder.swift in Sources */ = {isa = PBXBuildFile; fileRef = AACCDE02B76C184E235ADED1 /* CommandBuilder.swift */; };
		E31AE934D87B21801644B256 /* FormatInfo.swift in Sources */ = {isa = PBXBuildFile; fileRef = 3D0D8FE748546401DD31DC62 /* FormatInfo.swift */; };
		E7BF0FE95C3B58503C0A2B58 /* QueueListView.swift in Sources */ = {isa = PBXBuildFile; fileRef = EC849C8D3EF4A70B05DF2E83 /* QueueListView.swift */; };
		E865663341F15F24E2152219 /* URLInputView.swift in Sources */ = {isa = PBXBuildFile; fileRef = 8F657068D28597CDDC869E18 /* URLInputView.swift */; };
		E97DC69A1C6A1A018186B23C /* SetupAssistantSheet.swift in Sources */ = {isa = PBXBuildFile; fileRef = D97E14964AAB754017581C19 /* SetupAssistantSheet.swift */; };
		FACDE456764CB8D3FCF616EF /* ChapterInfo.swift in Sources */ = {isa = PBXBuildFile; fileRef = 8D54606DD2F3A7DF969BD724 /* ChapterInfo.swift */; };
/* End PBXBuildFile section */

/* Begin PBXFileReference section */
		03FF943DE0B4B9D09207753D /* ContentView.swift */ = {isa = PBXFileReference; lastKnownFileType = sourcecode.swift; path = ContentView.swift; sourceTree = "<group>"; };
		07075D8684DFD9F12D3A5124 /* Y_DownloaderApp.swift */ = {isa = PBXFileReference; lastKnownFileType = sourcecode.swift; path = Y_DownloaderApp.swift; sourceTree = "<group>"; };
		073BD15DC5C1F24F0ABAC7A9 /* MenuBarView.swift */ = {isa = PBXFileReference; lastKnownFileType = sourcecode.swift; path = MenuBarView.swift; sourceTree = "<group>"; };
		0768EE0DB8D80C300D71294A /* DownloadOptions.swift */ = {isa = PBXFileReference; lastKnownFileType = sourcecode.swift; path = DownloadOptions.swift; sourceTree = "<group>"; };
		0B1F92B03509CB33993FB38B /* Preset.swift */ = {isa = PBXFileReference; lastKnownFileType = sourcecode.swift; path = Preset.swift; sourceTree = "<group>"; };
		0C9D50188ED31067C278BEA2 /* Y-Downloader.app */ = {isa = PBXFileReference; explicitFileType = wrapper.application; includeInIndex = 0; path = "Y-Downloader.app"; sourceTree = BUILT_PRODUCTS_DIR; };
		158B36730002DBFA28390AA8 /* DependencyChecker.swift */ = {isa = PBXFileReference; lastKnownFileType = sourcecode.swift; path = DependencyChecker.swift; sourceTree = "<group>"; };
		1BA9948666E808CBBD2493BC /* CLIPreviewView.swift */ = {isa = PBXFileReference; lastKnownFileType = sourcecode.swift; path = CLIPreviewView.swift; sourceTree = "<group>"; };
		21A2E3011EE92DAB4D464442 /* ClipboardMonitor.swift */ = {isa = PBXFileReference; lastKnownFileType = sourcecode.swift; path = ClipboardMonitor.swift; sourceTree = "<group>"; };
		22D478775530C97A33072BB0 /* FormatAnalyzerSheet.swift */ = {isa = PBXFileReference; lastKnownFileType = sourcecode.swift; path = FormatAnalyzerSheet.swift; sourceTree = "<group>"; };
		299DA9CC281CCDA472BB6DCF /* LogStore.swift */ = {isa = PBXFileReference; lastKnownFileType = sourcecode.swift; path = LogStore.swift; sourceTree = "<group>"; };
		30A99E962BEB48D28987EC45 /* LogConsoleView.swift */ = {isa = PBXFileReference; lastKnownFileType = sourcecode.swift; path = LogConsoleView.swift; sourceTree = "<group>"; };
		30BBD12F4DB05BE3017F4D18 /* ThumbnailInfo.swift */ = {isa = PBXFileReference; lastKnownFileType = sourcecode.swift; path = ThumbnailInfo.swift; sourceTree = "<group>"; };
		38560CE8C952959F45A95925 /* SettingsStore.swift */ = {isa = PBXFileReference; lastKnownFileType = sourcecode.swift; path = SettingsStore.swift; sourceTree = "<group>"; };
		3C0A775FA5A8A42290FF4B4D /* SettingsView.swift */ = {isa = PBXFileReference; lastKnownFileType = sourcecode.swift; path = SettingsView.swift; sourceTree = "<group>"; };
		3D0D8FE748546401DD31DC62 /* FormatInfo.swift */ = {isa = PBXFileReference; lastKnownFileType = sourcecode.swift; path = FormatInfo.swift; sourceTree = "<group>"; };
		44E496EFFFF8D81C926FAB69 /* ProgressUpdate.swift */ = {isa = PBXFileReference; lastKnownFileType = sourcecode.swift; path = ProgressUpdate.swift; sourceTree = "<group>"; };
		474BC7FBA177577C4C017032 /* SidebarView.swift */ = {isa = PBXFileReference; lastKnownFileType = sourcecode.swift; path = SidebarView.swift; sourceTree = "<group>"; };
		4B4C98E77F97E513AF2CDAAE /* YTDLPService.swift */ = {isa = PBXFileReference; lastKnownFileType = sourcecode.swift; path = YTDLPService.swift; sourceTree = "<group>"; };
		5369D6BF866FA6A288AA2EDF /* QueueItemRow.swift */ = {isa = PBXFileReference; lastKnownFileType = sourcecode.swift; path = QueueItemRow.swift; sourceTree = "<group>"; };
		80056A3E5DA3F51AB361DBE3 /* QueueManager.swift */ = {isa = PBXFileReference; lastKnownFileType = sourcecode.swift; path = QueueManager.swift; sourceTree = "<group>"; };
		8C3A90B4AF4D0B72315C5443 /* AppState.swift */ = {isa = PBXFileReference; lastKnownFileType = sourcecode.swift; path = AppState.swift; sourceTree = "<group>"; };
		8CD5BF81CBCFD2E400B3EDCA /* DownloadItem.swift */ = {isa = PBXFileReference; lastKnownFileType = sourcecode.swift; path = DownloadItem.swift; sourceTree = "<group>"; };
		8D54606DD2F3A7DF969BD724 /* ChapterInfo.swift */ = {isa = PBXFileReference; lastKnownFileType = sourcecode.swift; path = ChapterInfo.swift; sourceTree = "<group>"; };
		8F657068D28597CDDC869E18 /* URLInputView.swift */ = {isa = PBXFileReference; lastKnownFileType = sourcecode.swift; path = URLInputView.swift; sourceTree = "<group>"; };
		917A14A2E71B361DA7E0807B /* PresetManager.swift */ = {isa = PBXFileReference; lastKnownFileType = sourcecode.swift; path = PresetManager.swift; sourceTree = "<group>"; };
		9A243B8AD719BDCAFC3ED896 /* Y-Downloader.entitlements */ = {isa = PBXFileReference; lastKnownFileType = text.plist.entitlements; path = "Y-Downloader.entitlements"; sourceTree = "<group>"; };
		AACCDE02B76C184E235ADED1 /* CommandBuilder.swift */ = {isa = PBXFileReference; lastKnownFileType = sourcecode.swift; path = CommandBuilder.swift; sourceTree = "<group>"; };
		B2495B93A83007C51F85E67F /* NetworkTabView.swift */ = {isa = PBXFileReference; lastKnownFileType = sourcecode.swift; path = NetworkTabView.swift; sourceTree = "<group>"; };
		BCA8762CB88F16E5BA809B79 /* PostProcessingTabView.swift */ = {isa = PBXFileReference; lastKnownFileType = sourcecode.swift; path = PostProcessingTabView.swift; sourceTree = "<group>"; };
		C1B087247EEDAAF8C6367F28 /* FormatTabView.swift */ = {isa = PBXFileReference; lastKnownFileType = sourcecode.swift; path = FormatTabView.swift; sourceTree = "<group>"; };
		D3ED10D8F5EB66153ED5B1CA /* VideoInfo.swift */ = {isa = PBXFileReference; lastKnownFileType = sourcecode.swift; path = VideoInfo.swift; sourceTree = "<group>"; };
		D97E14964AAB754017581C19 /* SetupAssistantSheet.swift */ = {isa = PBXFileReference; lastKnownFileType = sourcecode.swift; path = SetupAssistantSheet.swift; sourceTree = "<group>"; };
		E0F57B80710C3A0C6A0FE18B /* Info.plist */ = {isa = PBXFileReference; lastKnownFileType = text.plist; path = Info.plist; sourceTree = "<group>"; };
		E635F21207D3C494C6FD5825 /* SubtitleTrack.swift */ = {isa = PBXFileReference; lastKnownFileType = sourcecode.swift; path = SubtitleTrack.swift; sourceTree = "<group>"; };
		E652A824F0EC8D9CF8EC9F92 /* SubtitlesTabView.swift */ = {isa = PBXFileReference; lastKnownFileType = sourcecode.swift; path = SubtitlesTabView.swift; sourceTree = "<group>"; };
		EC849C8D3EF4A70B05DF2E83 /* QueueListView.swift */ = {isa = PBXFileReference; lastKnownFileType = sourcecode.swift; path = QueueListView.swift; sourceTree = "<group>"; };
		FB3C042DB31B5821F56AEAFE /* ProcessRunner.swift */ = {isa = PBXFileReference; lastKnownFileType = sourcecode.swift; path = ProcessRunner.swift; sourceTree = "<group>"; };
		FCA17D0265B2C9A6CCDA0AC4 /* AdvancedTabView.swift */ = {isa = PBXFileReference; lastKnownFileType = sourcecode.swift; path = AdvancedTabView.swift; sourceTree = "<group>"; };
		FE2C2CAB53FA47809074164B /* FilesystemTabView.swift */ = {isa = PBXFileReference; lastKnownFileType = sourcecode.swift; path = FilesystemTabView.swift; sourceTree = "<group>"; };
/* End PBXFileReference section */

/* Begin PBXGroup section */
		0865290B2DEB5B6D514380EB /* Y-Downloader */ = {
			isa = PBXGroup;
			children = (
				E6EA20CF8E35D1EBEADA0F82 /* App */,
				B778BDB2682558CF7B11C79F /* Models */,
				86384AAF2990122346563478 /* Resources */,
				4F1031D58E6435B631240F65 /* Services */,
				18BBC49DA23779075D3BAA31 /* Stores */,
				6DE16E610ADD16E6E7F5CEDC /* Utilities */,
				F6E399E1C33488E282E498D7 /* Views */,
			);
			path = "Y-Downloader";
			sourceTree = "<group>";
		};
		18BBC49DA23779075D3BAA31 /* Stores */ = {
			isa = PBXGroup;
			children = (
				299DA9CC281CCDA472BB6DCF /* LogStore.swift */,
				38560CE8C952959F45A95925 /* SettingsStore.swift */,
			);
			path = Stores;
			sourceTree = "<group>";
		};
		288F2343E39F578AD584428B /* MainWindow */ = {
			isa = PBXGroup;
			children = (
				1BA9948666E808CBBD2493BC /* CLIPreviewView.swift */,
				03FF943DE0B4B9D09207753D /* ContentView.swift */,
				474BC7FBA177577C4C017032 /* SidebarView.swift */,
				8F657068D28597CDDC869E18 /* URLInputView.swift */,
			);
			path = MainWindow;
			sourceTree = "<group>";
		};
		3010BB82FA18DF3872257A38 /* MenuBar */ = {
			isa = PBXGroup;
			children = (
				073BD15DC5C1F24F0ABAC7A9 /* MenuBarView.swift */,
			);
			path = MenuBar;
			sourceTree = "<group>";
		};
		3C2C1DD9A08A0F2DB41E8E00 /* Settings */ = {
			isa = PBXGroup;
			children = (
				3C0A775FA5A8A42290FF4B4D /* SettingsView.swift */,
			);
			path = Settings;
			sourceTree = "<group>";
		};
		4F1031D58E6435B631240F65 /* Services */ = {
			isa = PBXGroup;
			children = (
				21A2E3011EE92DAB4D464442 /* ClipboardMonitor.swift */,
				AACCDE02B76C184E235ADED1 /* CommandBuilder.swift */,
				158B36730002DBFA28390AA8 /* DependencyChecker.swift */,
				917A14A2E71B361DA7E0807B /* PresetManager.swift */,
				80056A3E5DA3F51AB361DBE3 /* QueueManager.swift */,
				4B4C98E77F97E513AF2CDAAE /* YTDLPService.swift */,
			);
			path = Services;
			sourceTree = "<group>";
		};
		5F3B12DDBEF3CC6D465873D3 = {
			isa = PBXGroup;
			children = (
				0865290B2DEB5B6D514380EB /* Y-Downloader */,
				A3FCEBFD454C8BFFACC59E9C /* Products */,
			);
			sourceTree = "<group>";
		};
		66811E8DAECB919CA2D52028 /* Tabs */ = {
			isa = PBXGroup;
			children = (
				FCA17D0265B2C9A6CCDA0AC4 /* AdvancedTabView.swift */,
				FE2C2CAB53FA47809074164B /* FilesystemTabView.swift */,
				C1B087247EEDAAF8C6367F28 /* FormatTabView.swift */,
				B2495B93A83007C51F85E67F /* NetworkTabView.swift */,
				BCA8762CB88F16E5BA809B79 /* PostProcessingTabView.swift */,
				E652A824F0EC8D9CF8EC9F92 /* SubtitlesTabView.swift */,
			);
			path = Tabs;
			sourceTree = "<group>";
		};
		6A75998202E02C03BFA81771 /* Queue */ = {
			isa = PBXGroup;
			children = (
				5369D6BF866FA6A288AA2EDF /* QueueItemRow.swift */,
				EC849C8D3EF4A70B05DF2E83 /* QueueListView.swift */,
			);
			path = Queue;
			sourceTree = "<group>";
		};
		6DE16E610ADD16E6E7F5CEDC /* Utilities */ = {
			isa = PBXGroup;
			children = (
				FB3C042DB31B5821F56AEAFE /* ProcessRunner.swift */,
			);
			path = Utilities;
			sourceTree = "<group>";
		};
		86384AAF2990122346563478 /* Resources */ = {
			isa = PBXGroup;
			children = (
				E0F57B80710C3A0C6A0FE18B /* Info.plist */,
				9A243B8AD719BDCAFC3ED896 /* Y-Downloader.entitlements */,
			);
			path = Resources;
			sourceTree = "<group>";
		};
		A3FCEBFD454C8BFFACC59E9C /* Products */ = {
			isa = PBXGroup;
			children = (
				0C9D50188ED31067C278BEA2 /* Y-Downloader.app */,
			);
			name = Products;
			sourceTree = "<group>";
		};
		A5593D5EA3F5943C337FE191 /* Components */ = {
			isa = PBXGroup;
			children = (
				30A99E962BEB48D28987EC45 /* LogConsoleView.swift */,
			);
			path = Components;
			sourceTree = "<group>";
		};
		ACEF4C755CA8C6064696B813 /* Sheets */ = {
			isa = PBXGroup;
			children = (
				22D478775530C97A33072BB0 /* FormatAnalyzerSheet.swift */,
				D97E14964AAB754017581C19 /* SetupAssistantSheet.swift */,
			);
			path = Sheets;
			sourceTree = "<group>";
		};
		B778BDB2682558CF7B11C79F /* Models */ = {
			isa = PBXGroup;
			children = (
				8D54606DD2F3A7DF969BD724 /* ChapterInfo.swift */,
				8CD5BF81CBCFD2E400B3EDCA /* DownloadItem.swift */,
				0768EE0DB8D80C300D71294A /* DownloadOptions.swift */,
				3D0D8FE748546401DD31DC62 /* FormatInfo.swift */,
				0B1F92B03509CB33993FB38B /* Preset.swift */,
				44E496EFFFF8D81C926FAB69 /* ProgressUpdate.swift */,
				E635F21207D3C494C6FD5825 /* SubtitleTrack.swift */,
				30BBD12F4DB05BE3017F4D18 /* ThumbnailInfo.swift */,
				D3ED10D8F5EB66153ED5B1CA /* VideoInfo.swift */,
			);
			path = Models;
			sourceTree = "<group>";
		};
		E6EA20CF8E35D1EBEADA0F82 /* App */ = {
			isa = PBXGroup;
			children = (
				8C3A90B4AF4D0B72315C5443 /* AppState.swift */,
				07075D8684DFD9F12D3A5124 /* Y_DownloaderApp.swift */,
			);
			path = App;
			sourceTree = "<group>";
		};
		F6E399E1C33488E282E498D7 /* Views */ = {
			isa = PBXGroup;
			children = (
				A5593D5EA3F5943C337FE191 /* Components */,
				288F2343E39F578AD584428B /* MainWindow */,
				3010BB82FA18DF3872257A38 /* MenuBar */,
				6A75998202E02C03BFA81771 /* Queue */,
				3C2C1DD9A08A0F2DB41E8E00 /* Settings */,
				ACEF4C755CA8C6064696B813 /* Sheets */,
				66811E8DAECB919CA2D52028 /* Tabs */,
			);
			path = Views;
			sourceTree = "<group>";
		};
/* End PBXGroup section */

/* Begin PBXNativeTarget section */
		10DF26B31E5D52CF15B32EB5 /* Y-Downloader */ = {
			isa = PBXNativeTarget;
			buildConfigurationList = 4823E9240238EC2F4E61AEA9 /* Build configuration list for PBXNativeTarget "Y-Downloader" */;
			buildPhases = (
				18179E893BAFBB20AF91CFCD /* Sources */,
			);
			buildRules = (
			);
			dependencies = (
			);
			name = "Y-Downloader";
			packageProductDependencies = (
			);
			productName = "Y-Downloader";
			productReference = 0C9D50188ED31067C278BEA2 /* Y-Downloader.app */;
			productType = "com.apple.product-type.application";
		};
/* End PBXNativeTarget section */

/* Begin PBXProject section */
		36223AF118F9AA1E87844134 /* Project object */ = {
			isa = PBXProject;
			attributes = {
				BuildIndependentTargetsInParallel = YES;
				LastUpgradeCheck = 1430;
				TargetAttributes = {
				};
			};
			buildConfigurationList = 6CFB60F993413BAAE5221E6D /* Build configuration list for PBXProject "Y-Downloader" */;
			developmentRegion = en;
			hasScannedForEncodings = 0;
			knownRegions = (
				Base,
				en,
			);
			mainGroup = 5F3B12DDBEF3CC6D465873D3;
			minimizedProjectReferenceProxies = 1;
			preferredProjectObjectVersion = 77;
			productRefGroup = A3FCEBFD454C8BFFACC59E9C /* Products */;
			projectDirPath = "";
			projectRoot = "";
			targets = (
				10DF26B31E5D52CF15B32EB5 /* Y-Downloader */,
			);
		};
/* End PBXProject section */

/* Begin PBXSourcesBuildPhase section */
		18179E893BAFBB20AF91CFCD /* Sources */ = {
			isa = PBXSourcesBuildPhase;
			buildActionMask = 2147483647;
			files = (
				CF267C937C2FDF7970B06FAB /* AdvancedTabView.swift in Sources */,
				4835D12EFF457498CD064D7B /* AppState.swift in Sources */,
				75C56EF7C7DFDEB5236624BE /* CLIPreviewView.swift in Sources */,
				FACDE456764CB8D3FCF616EF /* ChapterInfo.swift in Sources */,
				9E01CA072356E03AC19C7D25 /* ClipboardMonitor.swift in Sources */,
				DF5853D2236434636B6AB9E4 /* CommandBuilder.swift in Sources */,
				6B5EA848DE62CF9A4DC68541 /* ContentView.swift in Sources */,
				03C728644F1ACC65C2B8068A /* DependencyChecker.swift in Sources */,
				CB40FF7B621D200F61B95CDD /* DownloadItem.swift in Sources */,
				C3141FC57B820DE4368A8108 /* DownloadOptions.swift in Sources */,
				7C9E95DFFE7E9976D497CA58 /* FilesystemTabView.swift in Sources */,
				CE0AF49B1FF4FCBFF958B173 /* FormatAnalyzerSheet.swift in Sources */,
				E31AE934D87B21801644B256 /* FormatInfo.swift in Sources */,
				CBD7E3FA12AB36B1B453D1F4 /* FormatTabView.swift in Sources */,
				BF500A7A7561FF6F07DBCD6F /* LogConsoleView.swift in Sources */,
				23055976EA6F3D0C42EE6368 /* LogStore.swift in Sources */,
				B1A67459B0B94FF1FFC8F8C4 /* MenuBarView.swift in Sources */,
				547D6EB4F6DE061071A37EBE /* NetworkTabView.swift in Sources */,
				25DCAE7CCFD04AE1D6743C41 /* PostProcessingTabView.swift in Sources */,
				7F92113E8DAF6709C5B179BB /* Preset.swift in Sources */,
				517B041B320068405B914035 /* PresetManager.swift in Sources */,
				6A45BF036DA78D8DC2D619EF /* ProcessRunner.swift in Sources */,
				6A04492DFAA40E686553956E /* ProgressUpdate.swift in Sources */,
				884CC0951CFA724CACA16D79 /* QueueItemRow.swift in Sources */,
				E7BF0FE95C3B58503C0A2B58 /* QueueListView.swift in Sources */,
				58BA4B15DA96A2BC593A79D9 /* QueueManager.swift in Sources */,
				133CB67607B87743179F6AD8 /* SettingsStore.swift in Sources */,
				9EBCFE2EAF8E0474FDF0DCFA /* SettingsView.swift in Sources */,
				E97DC69A1C6A1A018186B23C /* SetupAssistantSheet.swift in Sources */,
				D3F1CB8D8537CB5C9AA0F9E5 /* SidebarView.swift in Sources */,
				3F84613E0C6FD392E0C12809 /* SubtitleTrack.swift in Sources */,
				23CB25F3A9FA433661BC5CC6 /* SubtitlesTabView.swift in Sources */,
				7A43D38A01B8FD22117EEE09 /* ThumbnailInfo.swift in Sources */,
				E865663341F15F24E2152219 /* URLInputView.swift in Sources */,
				6EC9DBAD79239C779093DC8D /* VideoInfo.swift in Sources */,
				585AD3D18C51A054899417B2 /* YTDLPService.swift in Sources */,
				8D0F5D78695AE0F32BE1EC38 /* Y_DownloaderApp.swift in Sources */,
			);
			runOnlyForDeploymentPostprocessing = 0;
		};
/* End PBXSourcesBuildPhase section */

/* Begin XCBuildConfiguration section */
		A80A6A6A1E429B28052D9889 /* Release */ = {
			isa = XCBuildConfiguration;
			buildSettings = {
				ASSETCATALOG_COMPILER_APPICON_NAME = AppIcon;
				CODE_SIGN_ENTITLEMENTS = "Y-Downloader/Resources/Y-Downloader.entitlements";
				COMBINE_HIDPI_IMAGES = YES;
				INFOPLIST_FILE = "Y-Downloader/Resources/Info.plist";
				LD_RUNPATH_SEARCH_PATHS = (
					"$(inherited)",
					"@executable_path/../Frameworks",
				);
				MACOSX_DEPLOYMENT_TARGET = 14.0;
				PRODUCT_BUNDLE_IDENTIFIER = "com.ydownloader.Y-Downloader";
				SDKROOT = macosx;
				SWIFT_VERSION = 6.0;
			};
			name = Release;
		};
		CCBCA99F81704BE398B5B71F /* Debug */ = {
			isa = XCBuildConfiguration;
			buildSettings = {
				ALWAYS_SEARCH_USER_PATHS = NO;
				CLANG_ANALYZER_NONNULL = YES;
				CLANG_ANALYZER_NUMBER_OBJECT_CONVERSION = YES_AGGRESSIVE;
				CLANG_CXX_LANGUAGE_STANDARD = "gnu++14";
				CLANG_CXX_LIBRARY = "libc++";
				CLANG_ENABLE_MODULES = YES;
				CLANG_ENABLE_OBJC_ARC = YES;
				CLANG_ENABLE_OBJC_WEAK = YES;
				CLANG_WARN_BLOCK_CAPTURE_AUTORELEASING = YES;
				CLANG_WARN_BOOL_CONVERSION = YES;
				CLANG_WARN_COMMA = YES;
				CLANG_WARN_CONSTANT_CONVERSION = YES;
				CLANG_WARN_DEPRECATED_OBJC_IMPLEMENTATIONS = YES;
				CLANG_WARN_DIRECT_OBJC_ISA_USAGE = YES_ERROR;
				CLANG_WARN_DOCUMENTATION_COMMENTS = YES;
				CLANG_WARN_EMPTY_BODY = YES;
				CLANG_WARN_ENUM_CONVERSION = YES;
				CLANG_WARN_INFINITE_RECURSION = YES;
				CLANG_WARN_INT_CONVERSION = YES;
				CLANG_WARN_NON_LITERAL_NULL_CONVERSION = YES;
				CLANG_WARN_OBJC_IMPLICIT_RETAIN_SELF = YES;
				CLANG_WARN_OBJC_LITERAL_CONVERSION = YES;
				CLANG_WARN_OBJC_ROOT_CLASS = YES_ERROR;
				CLANG_WARN_QUOTED_INCLUDE_IN_FRAMEWORK_HEADER = YES;
				CLANG_WARN_RANGE_LOOP_ANALYSIS = YES;
				CLANG_WARN_STRICT_PROTOTYPES = YES;
				CLANG_WARN_SUSPICIOUS_MOVE = YES;
				CLANG_WARN_UNGUARDED_AVAILABILITY = YES_AGGRESSIVE;
				CLANG_WARN_UNREACHABLE_CODE = YES;
				CLANG_WARN__DUPLICATE_METHOD_MATCH = YES;
				COPY_PHASE_STRIP = NO;
				DEBUG_INFORMATION_FORMAT = dwarf;
				ENABLE_STRICT_OBJC_MSGSEND = YES;
				ENABLE_TESTABILITY = YES;
				GCC_C_LANGUAGE_STANDARD = gnu11;
				GCC_DYNAMIC_NO_PIC = NO;
				GCC_NO_COMMON_BLOCKS = YES;
				GCC_OPTIMIZATION_LEVEL = 0;
				GCC_PREPROCESSOR_DEFINITIONS = (
					"$(inherited)",
					"DEBUG=1",
				);
				GCC_WARN_64_TO_32_BIT_CONVERSION = YES;
				GCC_WARN_ABOUT_RETURN_TYPE = YES_ERROR;
				GCC_WARN_UNDECLARED_SELECTOR = YES;
				GCC_WARN_UNINITIALIZED_AUTOS = YES_AGGRESSIVE;
				GCC_WARN_UNUSED_FUNCTION = YES;
				GCC_WARN_UNUSED_VARIABLE = YES;
				MTL_ENABLE_DEBUG_INFO = INCLUDE_SOURCE;
				MTL_FAST_MATH = YES;
				ONLY_ACTIVE_ARCH = YES;
				PRODUCT_NAME = "$(TARGET_NAME)";
				SDKROOT = macosx;
				SWIFT_ACTIVE_COMPILATION_CONDITIONS = DEBUG;
				SWIFT_OPTIMIZATION_LEVEL = "-Onone";
				SWIFT_VERSION = 5.0;
			};
			name = Debug;
		};
		D9C82130F7B50FF2EEEDA2A2 /* Release */ = {
			isa = XCBuildConfiguration;
			buildSettings = {
				ALWAYS_SEARCH_USER_PATHS = NO;
				CLANG_ANALYZER_NONNULL = YES;
				CLANG_ANALYZER_NUMBER_OBJECT_CONVERSION = YES_AGGRESSIVE;
				CLANG_CXX_LANGUAGE_STANDARD = "gnu++14";
				CLANG_CXX_LIBRARY = "libc++";
				CLANG_ENABLE_MODULES = YES;
				CLANG_ENABLE_OBJC_ARC = YES;
				CLANG_ENABLE_OBJC_WEAK = YES;
				CLANG_WARN_BLOCK_CAPTURE_AUTORELEASING = YES;
				CLANG_WARN_BOOL_CONVERSION = YES;
				CLANG_WARN_COMMA = YES;
				CLANG_WARN_CONSTANT_CONVERSION = YES;
				CLANG_WARN_DEPRECATED_OBJC_IMPLEMENTATIONS = YES;
				CLANG_WARN_DIRECT_OBJC_ISA_USAGE = YES_ERROR;
				CLANG_WARN_DOCUMENTATION_COMMENTS = YES;
				CLANG_WARN_EMPTY_BODY = YES;
				CLANG_WARN_ENUM_CONVERSION = YES;
				CLANG_WARN_INFINITE_RECURSION = YES;
				CLANG_WARN_INT_CONVERSION = YES;
				CLANG_WARN_NON_LITERAL_NULL_CONVERSION = YES;
				CLANG_WARN_OBJC_IMPLICIT_RETAIN_SELF = YES;
				CLANG_WARN_OBJC_LITERAL_CONVERSION = YES;
				CLANG_WARN_OBJC_ROOT_CLASS = YES_ERROR;
				CLANG_WARN_QUOTED_INCLUDE_IN_FRAMEWORK_HEADER = YES;
				CLANG_WARN_RANGE_LOOP_ANALYSIS = YES;
				CLANG_WARN_STRICT_PROTOTYPES = YES;
				CLANG_WARN_SUSPICIOUS_MOVE = YES;
				CLANG_WARN_UNGUARDED_AVAILABILITY = YES_AGGRESSIVE;
				CLANG_WARN_UNREACHABLE_CODE = YES;
				CLANG_WARN__DUPLICATE_METHOD_MATCH = YES;
				COPY_PHASE_STRIP = NO;
				DEBUG_INFORMATION_FORMAT = "dwarf-with-dsym";
				ENABLE_NS_ASSERTIONS = NO;
				ENABLE_STRICT_OBJC_MSGSEND = YES;
				GCC_C_LANGUAGE_STANDARD = gnu11;
				GCC_NO_COMMON_BLOCKS = YES;
				GCC_WARN_64_TO_32_BIT_CONVERSION = YES;
				GCC_WARN_ABOUT_RETURN_TYPE = YES_ERROR;
				GCC_WARN_UNDECLARED_SELECTOR = YES;
				GCC_WARN_UNINITIALIZED_AUTOS = YES_AGGRESSIVE;
				GCC_WARN_UNUSED_FUNCTION = YES;
				GCC_WARN_UNUSED_VARIABLE = YES;
				MTL_ENABLE_DEBUG_INFO = NO;
				MTL_FAST_MATH = YES;
				PRODUCT_NAME = "$(TARGET_NAME)";
				SDKROOT = macosx;
				SWIFT_COMPILATION_MODE = wholemodule;
				SWIFT_OPTIMIZATION_LEVEL = "-O";
				SWIFT_VERSION = 5.0;
			};
			name = Release;
		};
		F046412A3E574FBBAC755E64 /* Debug */ = {
			isa = XCBuildConfiguration;
			buildSettings = {
				ASSETCATALOG_COMPILER_APPICON_NAME = AppIcon;
				CODE_SIGN_ENTITLEMENTS = "Y-Downloader/Resources/Y-Downloader.entitlements";
				COMBINE_HIDPI_IMAGES = YES;
				INFOPLIST_FILE = "Y-Downloader/Resources/Info.plist";
				LD_RUNPATH_SEARCH_PATHS = (
					"$(inherited)",
					"@executable_path/../Frameworks",
				);
				MACOSX_DEPLOYMENT_TARGET = 14.0;
				PRODUCT_BUNDLE_IDENTIFIER = "com.ydownloader.Y-Downloader";
				SDKROOT = macosx;
				SWIFT_VERSION = 6.0;
			};
			name = Debug;
		};
/* End XCBuildConfiguration section */

/* Begin XCConfigurationList section */
		4823E9240238EC2F4E61AEA9 /* Build configuration list for PBXNativeTarget "Y-Downloader" */ = {
			isa = XCConfigurationList;
			buildConfigurations = (
				F046412A3E574FBBAC755E64 /* Debug */,
				A80A6A6A1E429B28052D9889 /* Release */,
			);
			defaultConfigurationIsVisible = 0;
			defaultConfigurationName = Debug;
		};
		6CFB60F993413BAAE5221E6D /* Build configuration list for PBXProject "Y-Downloader" */ = {
			isa = XCConfigurationList;
			buildConfigurations = (
				CCBCA99F81704BE398B5B71F /* Debug */,
				D9C82130F7B50FF2EEEDA2A2 /* Release */,
			);
			defaultConfigurationIsVisible = 0;
			defaultConfigurationName = Debug;
		};
/* End XCConfigurationList section */
	};
	rootObject = 36223AF118F9AA1E87844134 /* Project object */;
}
